
Microsoft Visual Studio Solution File, Format Version 12.00
# Visual Studio Version 16
VisualStudioVersion = 16.0.31424.327
MinimumVisualStudioVersion = 10.0.40219.1
Project("{FAE04EC0-301F-11D3-BF4B-00C04F79EFBC}") = "MyWebApi", "MyWebApi.csproj", "{81AFB1C5-880F-4546-B66A-F1155AAF717E}"
EndProject
Global
	GlobalSection(SolutionConfigurationPlatforms) = preSolution
		Debug|Any CPU = Debug|Any CPU
		Release|Any CPU = Release|Any CPU
	EndGlobalSection
	GlobalSection(ProjectConfigurationPlatforms) = postSolution
		{81AFB1C5-880F-4546-B66A-F1155AAF717E}.Debug|Any CPU.ActiveCfg = Debug|Any CPU
		{81AFB1C5-880F-4546-B66A-F1155AAF717E}.Debug|Any CPU.Build.0 = Debug|Any CPU
		{81AFB1C5-880F-4546-B66A-F1155AAF717E}.Release|Any CPU.ActiveCfg = Release|Any CPU
		{81AFB1C5-880F-4546-B66A-F1155AAF717E}.Release|Any CPU.Build.0 = Release|Any CPU
	EndGlobalSection
	GlobalSection(SolutionProperties) = preSolution
		HideSolutionNode = FALSE
	EndGlobalSection
	GlobalSection(ExtensibilityGlobals) = postSolution
		SolutionGuid = {5632EF04-DE72-4F68-B5C7-DF8258869876}
	EndGlobalSection
EndGlobal
